
Microsoft Visual Studio Solution File, Format Version 12.00
# Visual Studio Version 17
VisualStudioVersion = 17.5.33627.172
MinimumVisualStudioVersion = 10.0.40219.1
Project("{8BC9CEB8-8B4A-11D0-8D11-00A0C91BC942}") = "лайвколинг2", "лайвколинг2\лайвколинг2.vcxproj", "{B1E12886-A3C7-4CFF-9B94-DA6F22C5B185}"
EndProject
Global
	GlobalSection(SolutionConfigurationPlatforms) = preSolution
		Debug|x64 = Debug|x64
		Debug|x86 = Debug|x86
		Release|x64 = Release|x64
		Release|x86 = Release|x86
	EndGlobalSection
	GlobalSection(ProjectConfigurationPlatforms) = postSolution
		{B1E12886-A3C7-4CFF-9B94-DA6F22C5B185}.Debug|x64.ActiveCfg = Debug|x64
		{B1E12886-A3C7-4CFF-9B94-DA6F22C5B185}.Debug|x64.Build.0 = Debug|x64
		{B1E12886-A3C7-4CFF-9B94-DA6F22C5B185}.Debug|x86.ActiveCfg = Debug|Win32
		{B1E12886-A3C7-4CFF-9B94-DA6F22C5B185}.Debug|x86.Build.0 = Debug|Win32
		{B1E12886-A3C7-4CFF-9B94-DA6F22C5B185}.Release|x64.ActiveCfg = Release|x64
		{B1E12886-A3C7-4CFF-9B94-DA6F22C5B185}.Release|x64.Build.0 = Release|x64
		{B1E12886-A3C7-4CFF-9B94-DA6F22C5B185}.Release|x86.ActiveCfg = Release|Win32
		{B1E12886-A3C7-4CFF-9B94-DA6F22C5B185}.Release|x86.Build.0 = Release|Win32
	EndGlobalSection
	GlobalSection(SolutionProperties) = preSolution
		HideSolutionNode = FALSE
	EndGlobalSection
	GlobalSection(ExtensibilityGlobals) = postSolution
		SolutionGuid = {B72CF0C2-7B10-43F8-9AD3-B2A45C01B4AF}
	EndGlobalSection
EndGlobal
