
Microsoft Visual Studio Solution File, Format Version 12.00
# Visual Studio Version 16
VisualStudioVersion = 16.0.32413.511
MinimumVisualStudioVersion = 10.0.40219.1
Project("{8BC9CEB8-8B4A-11D0-8D11-00A0C91BC942}") = "taskA", "lab2\lab2.vcxproj", "{741949C1-C4C6-4D3C-81A5-744713BF696C}"
EndProject
Project("{8BC9CEB8-8B4A-11D0-8D11-00A0C91BC942}") = "taskB", "taskB\taskB.vcxproj", "{BA367767-4B0F-449A-A834-9B0C44EBE29E}"
EndProject
Project("{8BC9CEB8-8B4A-11D0-8D11-00A0C91BC942}") = "taskC", "taskC\taskC.vcxproj", "{E16AE29C-1425-4D53-B698-9059996C3855}"
EndProject
Project("{8BC9CEB8-8B4A-11D0-8D11-00A0C91BC942}") = "taskD", "taskD\taskD.vcxproj", "{0F56390B-A2A5-42FC-BF82-EF00DC0B1B69}"
EndProject
Project("{8BC9CEB8-8B4A-11D0-8D11-00A0C91BC942}") = "taskE", "taskE\taskE.vcxproj", "{95CE4823-67AE-4C3D-B77C-C9F1FB455E08}"
EndProject
Project("{8BC9CEB8-8B4A-11D0-8D11-00A0C91BC942}") = "taskF", "taskF\taskF.vcxproj", "{1323BC13-E1F7-4270-8F08-680CE896B45E}"
EndProject
Project("{8BC9CEB8-8B4A-11D0-8D11-00A0C91BC942}") = "taskG", "taskG\taskG.vcxproj", "{27583E53-C9F1-483A-9E56-B1B0DD31231A}"
EndProject
Project("{8BC9CEB8-8B4A-11D0-8D11-00A0C91BC942}") = "taskH", "taskH\taskH.vcxproj", "{60782CB5-AF88-4DC8-BD6C-2D5AE089E847}"
EndProject
Project("{8BC9CEB8-8B4A-11D0-8D11-00A0C91BC942}") = "taskI", "taskI\taskI.vcxproj", "{2FDF5597-DEB3-474D-A6D4-1AA81593CE03}"
EndProject
Project("{8BC9CEB8-8B4A-11D0-8D11-00A0C91BC942}") = "taskJ", "taskJ\taskJ.vcxproj", "{B0445EDC-5CCE-4B27-86ED-30905220B7DF}"
EndProject
Project("{8BC9CEB8-8B4A-11D0-8D11-00A0C91BC942}") = "taskK", "taskK\taskK.vcxproj", "{1869C93F-99BF-4FB4-BEB7-2DE4475DDF4A}"
EndProject
Global
	GlobalSection(SolutionConfigurationPlatforms) = preSolution
		Debug|x64 = Debug|x64
		Debug|x86 = Debug|x86
		Release|x64 = Release|x64
		Release|x86 = Release|x86
	EndGlobalSection
	GlobalSection(ProjectConfigurationPlatforms) = postSolution
		{741949C1-C4C6-4D3C-81A5-744713BF696C}.Debug|x64.ActiveCfg = Debug|x64
		{741949C1-C4C6-4D3C-81A5-744713BF696C}.Debug|x64.Build.0 = Debug|x64
		{741949C1-C4C6-4D3C-81A5-744713BF696C}.Debug|x86.ActiveCfg = Debug|Win32
		{741949C1-C4C6-4D3C-81A5-744713BF696C}.Debug|x86.Build.0 = Debug|Win32
		{741949C1-C4C6-4D3C-81A5-744713BF696C}.Release|x64.ActiveCfg = Release|x64
		{741949C1-C4C6-4D3C-81A5-744713BF696C}.Release|x64.Build.0 = Release|x64
		{741949C1-C4C6-4D3C-81A5-744713BF696C}.Release|x86.ActiveCfg = Release|Win32
		{741949C1-C4C6-4D3C-81A5-744713BF696C}.Release|x86.Build.0 = Release|Win32
		{BA367767-4B0F-449A-A834-9B0C44EBE29E}.Debug|x64.ActiveCfg = Debug|x64
		{BA367767-4B0F-449A-A834-9B0C44EBE29E}.Debug|x64.Build.0 = Debug|x64
		{BA367767-4B0F-449A-A834-9B0C44EBE29E}.Debug|x86.ActiveCfg = Debug|Win32
		{BA367767-4B0F-449A-A834-9B0C44EBE29E}.Debug|x86.Build.0 = Debug|Win32
		{BA367767-4B0F-449A-A834-9B0C44EBE29E}.Release|x64.ActiveCfg = Release|x64
		{BA367767-4B0F-449A-A834-9B0C44EBE29E}.Release|x64.Build.0 = Release|x64
		{BA367767-4B0F-449A-A834-9B0C44EBE29E}.Release|x86.ActiveCfg = Release|Win32
		{BA367767-4B0F-449A-A834-9B0C44EBE29E}.Release|x86.Build.0 = Release|Win32
		{E16AE29C-1425-4D53-B698-9059996C3855}.Debug|x64.ActiveCfg = Debug|x64
		{E16AE29C-1425-4D53-B698-9059996C3855}.Debug|x64.Build.0 = Debug|x64
		{E16AE29C-1425-4D53-B698-9059996C3855}.Debug|x86.ActiveCfg = Debug|Win32
		{E16AE29C-1425-4D53-B698-9059996C3855}.Debug|x86.Build.0 = Debug|Win32
		{E16AE29C-1425-4D53-B698-9059996C3855}.Release|x64.ActiveCfg = Release|x64
		{E16AE29C-1425-4D53-B698-9059996C3855}.Release|x64.Build.0 = Release|x64
		{E16AE29C-1425-4D53-B698-9059996C3855}.Release|x86.ActiveCfg = Release|Win32
		{E16AE29C-1425-4D53-B698-9059996C3855}.Release|x86.Build.0 = Release|Win32
		{0F56390B-A2A5-42FC-BF82-EF00DC0B1B69}.Debug|x64.ActiveCfg = Debug|x64
		{0F56390B-A2A5-42FC-BF82-EF00DC0B1B69}.Debug|x64.Build.0 = Debug|x64
		{0F56390B-A2A5-42FC-BF82-EF00DC0B1B69}.Debug|x86.ActiveCfg = Debug|Win32
		{0F56390B-A2A5-42FC-BF82-EF00DC0B1B69}.Debug|x86.Build.0 = Debug|Win32
		{0F56390B-A2A5-42FC-BF82-EF00DC0B1B69}.Release|x64.ActiveCfg = Release|x64
		{0F56390B-A2A5-42FC-BF82-EF00DC0B1B69}.Release|x64.Build.0 = Release|x64
		{0F56390B-A2A5-42FC-BF82-EF00DC0B1B69}.Release|x86.ActiveCfg = Release|Win32
		{0F56390B-A2A5-42FC-BF82-EF00DC0B1B69}.Release|x86.Build.0 = Release|Win32
		{95CE4823-67AE-4C3D-B77C-C9F1FB455E08}.Debug|x64.ActiveCfg = Debug|x64
		{95CE4823-67AE-4C3D-B77C-C9F1FB455E08}.Debug|x64.Build.0 = Debug|x64
		{95CE4823-67AE-4C3D-B77C-C9F1FB455E08}.Debug|x86.ActiveCfg = Debug|Win32
		{95CE4823-67AE-4C3D-B77C-C9F1FB455E08}.Debug|x86.Build.0 = Debug|Win32
		{95CE4823-67AE-4C3D-B77C-C9F1FB455E08}.Release|x64.ActiveCfg = Release|x64
		{95CE4823-67AE-4C3D-B77C-C9F1FB455E08}.Release|x64.Build.0 = Release|x64
		{95CE4823-67AE-4C3D-B77C-C9F1FB455E08}.Release|x86.ActiveCfg = Release|Win32
		{95CE4823-67AE-4C3D-B77C-C9F1FB455E08}.Release|x86.Build.0 = Release|Win32
		{1323BC13-E1F7-4270-8F08-680CE896B45E}.Debug|x64.ActiveCfg = Debug|x64
		{1323BC13-E1F7-4270-8F08-680CE896B45E}.Debug|x64.Build.0 = Debug|x64
		{1323BC13-E1F7-4270-8F08-680CE896B45E}.Debug|x86.ActiveCfg = Debug|Win32
		{1323BC13-E1F7-4270-8F08-680CE896B45E}.Debug|x86.Build.0 = Debug|Win32
		{1323BC13-E1F7-4270-8F08-680CE896B45E}.Release|x64.ActiveCfg = Release|x64
		{1323BC13-E1F7-4270-8F08-680CE896B45E}.Release|x64.Build.0 = Release|x64
		{1323BC13-E1F7-4270-8F08-680CE896B45E}.Release|x86.ActiveCfg = Release|Win32
		{1323BC13-E1F7-4270-8F08-680CE896B45E}.Release|x86.Build.0 = Release|Win32
		{27583E53-C9F1-483A-9E56-B1B0DD31231A}.Debug|x64.ActiveCfg = Debug|x64
		{27583E53-C9F1-483A-9E56-B1B0DD31231A}.Debug|x64.Build.0 = Debug|x64
		{27583E53-C9F1-483A-9E56-B1B0DD31231A}.Debug|x86.ActiveCfg = Debug|Win32
		{27583E53-C9F1-483A-9E56-B1B0DD31231A}.Debug|x86.Build.0 = Debug|Win32
		{27583E53-C9F1-483A-9E56-B1B0DD31231A}.Release|x64.ActiveCfg = Release|x64
		{27583E53-C9F1-483A-9E56-B1B0DD31231A}.Release|x64.Build.0 = Release|x64
		{27583E53-C9F1-483A-9E56-B1B0DD31231A}.Release|x86.ActiveCfg = Release|Win32
		{27583E53-C9F1-483A-9E56-B1B0DD31231A}.Release|x86.Build.0 = Release|Win32
		{60782CB5-AF88-4DC8-BD6C-2D5AE089E847}.Debug|x64.ActiveCfg = Debug|x64
		{60782CB5-AF88-4DC8-BD6C-2D5AE089E847}.Debug|x64.Build.0 = Debug|x64
		{60782CB5-AF88-4DC8-BD6C-2D5AE089E847}.Debug|x86.ActiveCfg = Debug|Win32
		{60782CB5-AF88-4DC8-BD6C-2D5AE089E847}.Debug|x86.Build.0 = Debug|Win32
		{60782CB5-AF88-4DC8-BD6C-2D5AE089E847}.Release|x64.ActiveCfg = Release|x64
		{60782CB5-AF88-4DC8-BD6C-2D5AE089E847}.Release|x64.Build.0 = Release|x64
		{60782CB5-AF88-4DC8-BD6C-2D5AE089E847}.Release|x86.ActiveCfg = Release|Win32
		{60782CB5-AF88-4DC8-BD6C-2D5AE089E847}.Release|x86.Build.0 = Release|Win32
		{2FDF5597-DEB3-474D-A6D4-1AA81593CE03}.Debug|x64.ActiveCfg = Debug|x64
		{2FDF5597-DEB3-474D-A6D4-1AA81593CE03}.Debug|x64.Build.0 = Debug|x64
		{2FDF5597-DEB3-474D-A6D4-1AA81593CE03}.Debug|x86.ActiveCfg = Debug|Win32
		{2FDF5597-DEB3-474D-A6D4-1AA81593CE03}.Debug|x86.Build.0 = Debug|Win32
		{2FDF5597-DEB3-474D-A6D4-1AA81593CE03}.Release|x64.ActiveCfg = Release|x64
		{2FDF5597-DEB3-474D-A6D4-1AA81593CE03}.Release|x64.Build.0 = Release|x64
		{2FDF5597-DEB3-474D-A6D4-1AA81593CE03}.Release|x86.ActiveCfg = Release|Win32
		{2FDF5597-DEB3-474D-A6D4-1AA81593CE03}.Release|x86.Build.0 = Release|Win32
		{B0445EDC-5CCE-4B27-86ED-30905220B7DF}.Debug|x64.ActiveCfg = Debug|x64
		{B0445EDC-5CCE-4B27-86ED-30905220B7DF}.Debug|x64.Build.0 = Debug|x64
		{B0445EDC-5CCE-4B27-86ED-30905220B7DF}.Debug|x86.ActiveCfg = Debug|Win32
		{B0445EDC-5CCE-4B27-86ED-30905220B7DF}.Debug|x86.Build.0 = Debug|Win32
		{B0445EDC-5CCE-4B27-86ED-30905220B7DF}.Release|x64.ActiveCfg = Release|x64
		{B0445EDC-5CCE-4B27-86ED-30905220B7DF}.Release|x64.Build.0 = Release|x64
		{B0445EDC-5CCE-4B27-86ED-30905220B7DF}.Release|x86.ActiveCfg = Release|Win32
		{B0445EDC-5CCE-4B27-86ED-30905220B7DF}.Release|x86.Build.0 = Release|Win32
		{1869C93F-99BF-4FB4-BEB7-2DE4475DDF4A}.Debug|x64.ActiveCfg = Debug|x64
		{1869C93F-99BF-4FB4-BEB7-2DE4475DDF4A}.Debug|x64.Build.0 = Debug|x64
		{1869C93F-99BF-4FB4-BEB7-2DE4475DDF4A}.Debug|x86.ActiveCfg = Debug|Win32
		{1869C93F-99BF-4FB4-BEB7-2DE4475DDF4A}.Debug|x86.Build.0 = Debug|Win32
		{1869C93F-99BF-4FB4-BEB7-2DE4475DDF4A}.Release|x64.ActiveCfg = Release|x64
		{1869C93F-99BF-4FB4-BEB7-2DE4475DDF4A}.Release|x64.Build.0 = Release|x64
		{1869C93F-99BF-4FB4-BEB7-2DE4475DDF4A}.Release|x86.ActiveCfg = Release|Win32
		{1869C93F-99BF-4FB4-BEB7-2DE4475DDF4A}.Release|x86.Build.0 = Release|Win32
	EndGlobalSection
	GlobalSection(SolutionProperties) = preSolution
		HideSolutionNode = FALSE
	EndGlobalSection
	GlobalSection(ExtensibilityGlobals) = postSolution
		SolutionGuid = {DB314FE9-E10E-4071-9156-E7B352A8AD4A}
	EndGlobalSection
EndGlobal
